
Microsoft Visual Studio Solution File, Format Version 12.00
# Visual Studio Version 17
VisualStudioVersion = 17.11.35327.3
MinimumVisualStudioVersion = 10.0.40219.1
Project("{FAE04EC0-301F-11D3-BF4B-00C04F79EFBC}") = "to-do-list", "to-do-list.csproj", "{A0F737FF-4567-4252-ADDF-22D5C627DBA8}"
EndProject
Global
	GlobalSection(SolutionConfigurationPlatforms) = preSolution
		Debug|Any CPU = Debug|Any CPU
		Release|Any CPU = Release|Any CPU
	EndGlobalSection
	GlobalSection(ProjectConfigurationPlatforms) = postSolution
		{A0F737FF-4567-4252-ADDF-22D5C627DBA8}.Debug|Any CPU.ActiveCfg = Debug|Any CPU
		{A0F737FF-4567-4252-ADDF-22D5C627DBA8}.Debug|Any CPU.Build.0 = Debug|Any CPU
		{A0F737FF-4567-4252-ADDF-22D5C627DBA8}.Release|Any CPU.ActiveCfg = Release|Any CPU
		{A0F737FF-4567-4252-ADDF-22D5C627DBA8}.Release|Any CPU.Build.0 = Release|Any CPU
	EndGlobalSection
	GlobalSection(SolutionProperties) = preSolution
		HideSolutionNode = FALSE
	EndGlobalSection
	GlobalSection(ExtensibilityGlobals) = postSolution
		SolutionGuid = {BFA29902-3B7D-408A-BE1F-6A0FCAF22C3F}
	EndGlobalSection
EndGlobal
